
Microsoft Visual Studio Solution File, Format Version 12.00
# Visual Studio Version 17
VisualStudioVersion = 17.5.33530.505
MinimumVisualStudioVersion = 10.0.40219.1
Project("{FAE04EC0-301F-11D3-BF4B-00C04F79EFBC}") = "H3 - Secure Login", "H3 - Secure Login\H3 - Secure Login.csproj", "{2CA905D6-E104-4DF0-B385-E011EBF0A4C3}"
EndProject
Global
	GlobalSection(SolutionConfigurationPlatforms) = preSolution
		Debug|Any CPU = Debug|Any CPU
		Release|Any CPU = Release|Any CPU
	EndGlobalSection
	GlobalSection(ProjectConfigurationPlatforms) = postSolution
		{2CA905D6-E104-4DF0-B385-E011EBF0A4C3}.Debug|Any CPU.ActiveCfg = Debug|Any CPU
		{2CA905D6-E104-4DF0-B385-E011EBF0A4C3}.Debug|Any CPU.Build.0 = Debug|Any CPU
		{2CA905D6-E104-4DF0-B385-E011EBF0A4C3}.Release|Any CPU.ActiveCfg = Release|Any CPU
		{2CA905D6-E104-4DF0-B385-E011EBF0A4C3}.Release|Any CPU.Build.0 = Release|Any CPU
	EndGlobalSection
	GlobalSection(SolutionProperties) = preSolution
		HideSolutionNode = FALSE
	EndGlobalSection
	GlobalSection(ExtensibilityGlobals) = postSolution
		SolutionGuid = {4F7ED989-FBF7-47B3-A30E-AB202694304C}
	EndGlobalSection
EndGlobal
